
Microsoft Visual Studio Solution File, Format Version 12.00
# Visual Studio Version 17
VisualStudioVersion = 17.2.32526.322
MinimumVisualStudioVersion = 10.0.40219.1
Project("{9A19103F-16F7-4668-BE54-9A1E7A4F7556}") = "piiiza", "piiiza\piiiza.csproj", "{6C86E9EB-6A52-4198-8F6D-C519724B7472}"
EndProject
Project("{9A19103F-16F7-4668-BE54-9A1E7A4F7556}") = "FirstBlazorApp", "FirstBlazorApp\FirstBlazorApp.csproj", "{F30C614D-5E12-482A-94F9-154956D2ABB5}"
EndProject
Project("{FAE04EC0-301F-11D3-BF4B-00C04F79EFBC}") = "File_Upload", "File_Upload\File_Upload.csproj", "{30C0021F-245D-46AB-912D-E2BCCD5C4C4E}"
EndProject
Global
	GlobalSection(SolutionConfigurationPlatforms) = preSolution
		Debug|Any CPU = Debug|Any CPU
		Release|Any CPU = Release|Any CPU
	EndGlobalSection
	GlobalSection(ProjectConfigurationPlatforms) = postSolution
		{6C86E9EB-6A52-4198-8F6D-C519724B7472}.Debug|Any CPU.ActiveCfg = Debug|Any CPU
		{6C86E9EB-6A52-4198-8F6D-C519724B7472}.Debug|Any CPU.Build.0 = Debug|Any CPU
		{6C86E9EB-6A52-4198-8F6D-C519724B7472}.Release|Any CPU.ActiveCfg = Release|Any CPU
		{6C86E9EB-6A52-4198-8F6D-C519724B7472}.Release|Any CPU.Build.0 = Release|Any CPU
		{F30C614D-5E12-482A-94F9-154956D2ABB5}.Debug|Any CPU.ActiveCfg = Debug|Any CPU
		{F30C614D-5E12-482A-94F9-154956D2ABB5}.Debug|Any CPU.Build.0 = Debug|Any CPU
		{F30C614D-5E12-482A-94F9-154956D2ABB5}.Release|Any CPU.ActiveCfg = Release|Any CPU
		{F30C614D-5E12-482A-94F9-154956D2ABB5}.Release|Any CPU.Build.0 = Release|Any CPU
		{30C0021F-245D-46AB-912D-E2BCCD5C4C4E}.Debug|Any CPU.ActiveCfg = Debug|Any CPU
		{30C0021F-245D-46AB-912D-E2BCCD5C4C4E}.Debug|Any CPU.Build.0 = Debug|Any CPU
		{30C0021F-245D-46AB-912D-E2BCCD5C4C4E}.Release|Any CPU.ActiveCfg = Release|Any CPU
		{30C0021F-245D-46AB-912D-E2BCCD5C4C4E}.Release|Any CPU.Build.0 = Release|Any CPU
	EndGlobalSection
	GlobalSection(SolutionProperties) = preSolution
		HideSolutionNode = FALSE
	EndGlobalSection
	GlobalSection(ExtensibilityGlobals) = postSolution
		SolutionGuid = {1FBA0767-6B80-4FB8-9942-1BBF86E3AAC3}
	EndGlobalSection
EndGlobal
